{
  "name": "hexo-site",
  "version": "0.0.0",
  "lockfileVersion": 1,
  "requires": true,
  "dependencies": {
    "hexo-lazyload-image": {
      "version": "1.0.10",
      "resolved": "https://registry.npmjs.org/hexo-lazyload-image/-/hexo-lazyload-image-1.0.10.tgz",
      "integrity": "sha512-sbmO1b4GOEK2zshHAlPfPC9ZCpcAZ7E9PEeZkgDyHKoVjUwSQy6noQfejYiC48j9TV3/Bvyscx4ESol8PXVBEQ==",
      "requires": {
        "uglify-js": "^3.0.27"
      }
    },
    "uglify-js": {
      "version": "3.14.0",
      "resolved": "https://registry.npmjs.org/uglify-js/-/uglify-js-3.14.0.tgz",
      "integrity": "sha512-R/tiGB1ZXp2BC+TkRGLwj8xUZgdfT2f4UZEgX6aVjJ5uttPrr4fYmwTWDGqVnBCLbOXRMY6nr/BTbwCtVfps0g=="
    }
  }
}
